{
  "name": "noa-tsa-anchor",
  "version": "0.1.0",
  "lockfileVersion": 3,
  "requires": true,
  "packages": {
    "": {
      "name": "noa-tsa-anchor",
      "version": "0.1.0",
      "license": "Apache-2.0",
      "dependencies": {
        "noa-receipt": "file:../.."
      },
      "bin": {
        "noa-tsa": "src/cli.mjs"
      },
      "engines": {
        "node": ">=20"
      }
    },
    "../..": {
      "name": "noa-receipt",
      "version": "0.8.0",
      "license": "Apache-2.0",
      "bin": {
        "noa": "dist/src/cli.js"
      },
      "devDependencies": {
        "@types/node": "^26.1.2",
        "cbor2": "^2.3.0",
        "typescript": "5.9.3",
        "vitest": "4.1.10"
      },
      "engines": {
        "node": ">=20"
      }
    },
    "node_modules/noa-receipt": {
      "resolved": "../..",
      "link": true
    }
  }
}
