{
  "name": "noa-framework-adapters",
  "version": "0.1.0",
  "lockfileVersion": 3,
  "requires": true,
  "packages": {
    "": {
      "name": "noa-framework-adapters",
      "version": "0.1.0",
      "license": "Apache-2.0",
      "dependencies": {
        "noa-mcp-adapter-core": "file:../adapter-core"
      },
      "engines": {
        "node": ">=20"
      }
    },
    "../adapter-core": {
      "name": "noa-mcp-adapter-core",
      "version": "0.4.0",
      "license": "Apache-2.0",
      "dependencies": {
        "noa-receipt": "file:../.."
      },
      "bin": {
        "noa-approve": "src/approve-cli.mjs"
      },
      "engines": {
        "node": ">=20"
      }
    },
    "node_modules/noa-mcp-adapter-core": {
      "resolved": "../adapter-core",
      "link": true
    }
  }
}
