{
  "name": "noa-signer-sidecar",
  "version": "0.1.0",
  "lockfileVersion": 3,
  "requires": true,
  "packages": {
    "": {
      "name": "noa-signer-sidecar",
      "version": "0.1.0",
      "license": "Apache-2.0",
      "dependencies": {
        "noa-mcp-adapter-core": "file:../adapter-core",
        "noa-receipt": "file:../.."
      },
      "bin": {
        "noa-signer-sidecar": "src/sidecar.mjs"
      },
      "engines": {
        "node": ">=20"
      }
    },
    "../..": {
      "name": "noa-receipt",
      "version": "0.8.0",
      "license": "Apache-2.0",
      "bin": {
        "noa": "dist/src/cli.js"
      },
      "devDependencies": {
        "@types/node": "^26.1.2",
        "cbor2": "^2.3.0",
        "typescript": "5.9.3",
        "vitest": "4.1.10"
      },
      "engines": {
        "node": ">=20"
      }
    },
    "../adapter-core": {
      "name": "noa-mcp-adapter-core",
      "version": "0.4.0",
      "license": "Apache-2.0",
      "dependencies": {
        "noa-receipt": "file:../.."
      },
      "bin": {
        "noa-approve": "src/approve-cli.mjs"
      },
      "engines": {
        "node": ">=20"
      }
    },
    "node_modules/noa-mcp-adapter-core": {
      "resolved": "../adapter-core",
      "link": true
    },
    "node_modules/noa-receipt": {
      "resolved": "../..",
      "link": true
    }
  }
}
